
Microsoft Visual Studio Solution File, Format Version 12.00
# Visual Studio Version 17
VisualStudioVersion = 17.1.32319.34
MinimumVisualStudioVersion = 10.0.40219.1
Project("{FAE04EC0-301F-11D3-BF4B-00C04F79EFBC}") = "DeltaruneMusicRando", "DeltaruneMusicRando\DeltaruneMusicRando.csproj", "{46F6034F-09F5-44C1-B84E-20D6DAB81B77}"
EndProject
Global
	GlobalSection(SolutionConfigurationPlatforms) = preSolution
		Debug|Any CPU = Debug|Any CPU
		Release|Any CPU = Release|Any CPU
	EndGlobalSection
	GlobalSection(ProjectConfigurationPlatforms) = postSolution
		{46F6034F-09F5-44C1-B84E-20D6DAB81B77}.Debug|Any CPU.ActiveCfg = Debug|Any CPU
		{46F6034F-09F5-44C1-B84E-20D6DAB81B77}.Debug|Any CPU.Build.0 = Debug|Any CPU
		{46F6034F-09F5-44C1-B84E-20D6DAB81B77}.Release|Any CPU.ActiveCfg = Release|Any CPU
		{46F6034F-09F5-44C1-B84E-20D6DAB81B77}.Release|Any CPU.Build.0 = Release|Any CPU
	EndGlobalSection
	GlobalSection(SolutionProperties) = preSolution
		HideSolutionNode = FALSE
	EndGlobalSection
	GlobalSection(ExtensibilityGlobals) = postSolution
		SolutionGuid = {24A85947-EA11-4448-978B-FD2AE55DC32F}
	EndGlobalSection
EndGlobal
