
Microsoft Visual Studio Solution File, Format Version 12.00
# Visual Studio Version 17
VisualStudioVersion = 17.14.36121.58 d17.14
MinimumVisualStudioVersion = 10.0.40219.1
Project("{FAE04EC0-301F-11D3-BF4B-00C04F79EFBC}") = "UTDR-Music-Randomizer", "UTDR-Music-Randomizer\UTDR-Music-Randomizer.csproj", "{8600F32E-66C9-402C-A3E4-7D5A37DBFE74}"
EndProject
Global
	GlobalSection(SolutionConfigurationPlatforms) = preSolution
		Debug|Any CPU = Debug|Any CPU
		Release|Any CPU = Release|Any CPU
	EndGlobalSection
	GlobalSection(ProjectConfigurationPlatforms) = postSolution
		{8600F32E-66C9-402C-A3E4-7D5A37DBFE74}.Debug|Any CPU.ActiveCfg = Debug|Any CPU
		{8600F32E-66C9-402C-A3E4-7D5A37DBFE74}.Debug|Any CPU.Build.0 = Debug|Any CPU
		{8600F32E-66C9-402C-A3E4-7D5A37DBFE74}.Release|Any CPU.ActiveCfg = Release|Any CPU
		{8600F32E-66C9-402C-A3E4-7D5A37DBFE74}.Release|Any CPU.Build.0 = Release|Any CPU
	EndGlobalSection
	GlobalSection(SolutionProperties) = preSolution
		HideSolutionNode = FALSE
	EndGlobalSection
	GlobalSection(ExtensibilityGlobals) = postSolution
		SolutionGuid = {27125414-430F-4018-B099-E94CB12D5FBB}
	EndGlobalSection
EndGlobal
